
Microsoft Visual Studio Solution File, Format Version 12.00
# Visual Studio 2013
VisualStudioVersion = 12.0.31101.0
MinimumVisualStudioVersion = 10.0.40219.1
Project("{FAE04EC0-301F-11D3-BF4B-00C04F79EFBC}") = "SSconfig", "autoconf\SSconfig.csproj", "{A8082EC5-F56D-4A00-B8BD-3F550E107B8E}"
EndProject
Project("{6141683F-8A12-4E36-9623-2EB02B2C2303}") = "SSconfigSetup", "AutoConf.Setup\SSconfigSetup.isproj", "{B20CC451-42B6-429F-977E-7058E2E846B6}"
EndProject
Global
	GlobalSection(SolutionConfigurationPlatforms) = preSolution
		CD_ROM|Any CPU = CD_ROM|Any CPU
		Debug|Any CPU = Debug|Any CPU
		DVD-5|Any CPU = DVD-5|Any CPU
		Release|Any CPU = Release|Any CPU
		SingleImage|Any CPU = SingleImage|Any CPU
	EndGlobalSection
	GlobalSection(ProjectConfigurationPlatforms) = postSolution
		{A8082EC5-F56D-4A00-B8BD-3F550E107B8E}.CD_ROM|Any CPU.ActiveCfg = Release|Any CPU
		{A8082EC5-F56D-4A00-B8BD-3F550E107B8E}.CD_ROM|Any CPU.Build.0 = Release|Any CPU
		{A8082EC5-F56D-4A00-B8BD-3F550E107B8E}.Debug|Any CPU.ActiveCfg = Debug|Any CPU
		{A8082EC5-F56D-4A00-B8BD-3F550E107B8E}.Debug|Any CPU.Build.0 = Debug|Any CPU
		{A8082EC5-F56D-4A00-B8BD-3F550E107B8E}.DVD-5|Any CPU.ActiveCfg = Debug|Any CPU
		{A8082EC5-F56D-4A00-B8BD-3F550E107B8E}.DVD-5|Any CPU.Build.0 = Debug|Any CPU
		{A8082EC5-F56D-4A00-B8BD-3F550E107B8E}.Release|Any CPU.ActiveCfg = Release|Any CPU
		{A8082EC5-F56D-4A00-B8BD-3F550E107B8E}.Release|Any CPU.Build.0 = Release|Any CPU
		{A8082EC5-F56D-4A00-B8BD-3F550E107B8E}.SingleImage|Any CPU.ActiveCfg = Release|Any CPU
		{A8082EC5-F56D-4A00-B8BD-3F550E107B8E}.SingleImage|Any CPU.Build.0 = Release|Any CPU
		{B20CC451-42B6-429F-977E-7058E2E846B6}.CD_ROM|Any CPU.ActiveCfg = CD_ROM
		{B20CC451-42B6-429F-977E-7058E2E846B6}.CD_ROM|Any CPU.Build.0 = CD_ROM
		{B20CC451-42B6-429F-977E-7058E2E846B6}.Debug|Any CPU.ActiveCfg = DVD-5
		{B20CC451-42B6-429F-977E-7058E2E846B6}.Debug|Any CPU.Build.0 = DVD-5
		{B20CC451-42B6-429F-977E-7058E2E846B6}.DVD-5|Any CPU.ActiveCfg = DVD-5
		{B20CC451-42B6-429F-977E-7058E2E846B6}.DVD-5|Any CPU.Build.0 = DVD-5
		{B20CC451-42B6-429F-977E-7058E2E846B6}.Release|Any CPU.ActiveCfg = SingleImage
		{B20CC451-42B6-429F-977E-7058E2E846B6}.Release|Any CPU.Build.0 = SingleImage
		{B20CC451-42B6-429F-977E-7058E2E846B6}.SingleImage|Any CPU.ActiveCfg = SingleImage
		{B20CC451-42B6-429F-977E-7058E2E846B6}.SingleImage|Any CPU.Build.0 = SingleImage
	EndGlobalSection
	GlobalSection(SolutionProperties) = preSolution
		HideSolutionNode = FALSE
	EndGlobalSection
EndGlobal
